
Microsoft Visual Studio Solution File, Format Version 12.00
# Visual Studio 15
VisualStudioVersion = 15.0.28307.489
MinimumVisualStudioVersion = 10.0.40219.1
Project("{FAE04EC0-301F-11D3-BF4B-00C04F79EFBC}") = "FormFlowSample", "FormFlowSample.csproj", "{35F41ACD-05C1-4759-B37A-8B8C0B8461E8}"
EndProject
Global
	GlobalSection(SolutionConfigurationPlatforms) = preSolution
		Debug|Any CPU = Debug|Any CPU
		Release|Any CPU = Release|Any CPU
	EndGlobalSection
	GlobalSection(ProjectConfigurationPlatforms) = postSolution
		{35F41ACD-05C1-4759-B37A-8B8C0B8461E8}.Debug|Any CPU.ActiveCfg = Debug|Any CPU
		{35F41ACD-05C1-4759-B37A-8B8C0B8461E8}.Debug|Any CPU.Build.0 = Debug|Any CPU
		{35F41ACD-05C1-4759-B37A-8B8C0B8461E8}.Release|Any CPU.ActiveCfg = Release|Any CPU
		{35F41ACD-05C1-4759-B37A-8B8C0B8461E8}.Release|Any CPU.Build.0 = Release|Any CPU
	EndGlobalSection
	GlobalSection(SolutionProperties) = preSolution
		HideSolutionNode = FALSE
	EndGlobalSection
	GlobalSection(ExtensibilityGlobals) = postSolution
		SolutionGuid = {78CE524D-AC40-4849-921D-EE02CE857F32}
	EndGlobalSection
EndGlobal
